// !$*UTF8*$!
{
	archiveVersion = 1;
	classes = {
	};
	objectVersion = 46;
	objects = {

/* Begin PBXBuildFile section */
		627AA5B41BBA44EB00A6D202 /* main.m in Sources */ = {isa = PBXBuildFile; fileRef = 627AA5B31BBA44EB00A6D202 /* main.m */; };
		627AA5B71BBA44EB00A6D202 /* AppDelegate.m in Sources */ = {isa = PBXBuildFile; fileRef = 627AA5B61BBA44EB00A6D202 /* AppDelegate.m */; };
		627AA5BA1BBA44EB00A6D202 /* ViewController.m in Sources */ = {isa = PBXBuildFile; fileRef = 627AA5B91BBA44EB00A6D202 /* ViewController.m */; };
		627AA5BD1BBA44EB00A6D202 /* Main.storyboard in Resources */ = {isa = PBXBuildFile; fileRef = 627AA5BB1BBA44EB00A6D202 /* Main.storyboard */; };
		627AA5BF1BBA44EB00A6D202 /* Assets.xcassets in Resources */ = {isa = PBXBuildFile; fileRef = 627AA5BE1BBA44EB00A6D202 /* Assets.xcassets */; };
		627AA5C21BBA44EB00A6D202 /* LaunchScreen.storyboard in Resources */ = {isa = PBXBuildFile; fileRef = 627AA5C01BBA44EB00A6D202 /* LaunchScreen.storyboard */; };
		627AA5CD1BBA44EB00A6D202 /* menuItemTests.m in Sources */ = {isa = PBXBuildFile; fileRef = 627AA5CC1BBA44EB00A6D202 /* menuItemTests.m */; };
		627AA5D81BBA44EC00A6D202 /* menuItemUITests.m in Sources */ = {isa = PBXBuildFile; fileRef = 627AA5D71BBA44EC00A6D202 /* menuItemUITests.m */; };
/* End PBXBuildFile section */

/* Begin PBXContainerItemProxy section */
		627AA5C91BBA44EB00A6D202 /* PBXContainerItemProxy */ = {
			isa = PBXContainerItemProxy;
			containerPortal = 627AA5A71BBA44EA00A6D202 /* Project object */;
			proxyType = 1;
			remoteGlobalIDString = 627AA5AE1BBA44EA00A6D202;
			remoteInfo = menuItem;
		};
		627AA5D41BBA44EB00A6D202 /* PBXContainerItemProxy */ = {
			isa = PBXContainerItemProxy;
			containerPortal = 627AA5A71BBA44EA00A6D202 /* Project object */;
			proxyType = 1;
			remoteGlobalIDString = 627AA5AE1BBA44EA00A6D202;
			remoteInfo = menuItem;
		};
/* End PBXContainerItemProxy section */

/* Begin PBXFileReference section */
		627AA5AF1BBA44EA00A6D202 /* menuItem.app */ = {isa = PBXFileReference; explicitFileType = wrapper.application; includeInIndex = 0; path = menuItem.app; sourceTree = BUILT_PRODUCTS_DIR; };
		627AA5B31BBA44EB00A6D202 /* main.m */ = {isa = PBXFileReference; lastKnownFileType = sourcecode.c.objc; path = main.m; sourceTree = "<group>"; };
		627AA5B51BBA44EB00A6D202 /* AppDelegate.h */ = {isa = PBXFileReference; lastKnownFileType = sourcecode.c.h; path = AppDelegate.h; sourceTree = "<group>"; };
		627AA5B61BBA44EB00A6D202 /* AppDelegate.m */ = {isa = PBXFileReference; lastKnownFileType = sourcecode.c.objc; path = AppDelegate.m; sourceTree = "<group>"; };
		627AA5B81BBA44EB00A6D202 /* ViewController.h */ = {isa = PBXFileReference; lastKnownFileType = sourcecode.c.h; path = ViewController.h; sourceTree = "<group>"; };
		627AA5B91BBA44EB00A6D202 /* ViewController.m */ = {isa = PBXFileReference; lastKnownFileType = sourcecode.c.objc; path = ViewController.m; sourceTree = "<group>"; };
		627AA5BC1BBA44EB00A6D202 /* Base */ = {isa = PBXFileReference; lastKnownFileType = file.storyboard; name = Base; path = Base.lproj/Main.storyboard; sourceTree = "<group>"; };
		627AA5BE1BBA44EB00A6D202 /* Assets.xcassets */ = {isa = PBXFileReference; lastKnownFileType = folder.assetcatalog; path = Assets.xcassets; sourceTree = "<group>"; };
		627AA5C11BBA44EB00A6D202 /* Base */ = {isa = PBXFileReference; lastKnownFileType = file.storyboard; name = Base; path = Base.lproj/LaunchScreen.storyboard; sourceTree = "<group>"; };
		627AA5C31BBA44EB00A6D202 /* Info.plist */ = {isa = PBXFileReference; lastKnownFileType = text.plist.xml; path = Info.plist; sourceTree = "<group>"; };
		627AA5C81BBA44EB00A6D202 /* menuItemTests.xctest */ = {isa = PBXFileReference; explicitFileType = wrapper.cfbundle; includeInIndex = 0; path = menuItemTests.xctest; sourceTree = BUILT_PRODUCTS_DIR; };
		627AA5CC1BBA44EB00A6D202 /* menuItemTests.m */ = {isa = PBXFileReference; lastKnownFileType = sourcecode.c.objc; path = menuItemTests.m; sourceTree = "<group>"; };
		627AA5CE1BBA44EB00A6D202 /* Info.plist */ = {isa = PBXFileReference; lastKnownFileType = text.plist.xml; path = Info.plist; sourceTree = "<group>"; };
		627AA5D31BBA44EB00A6D202 /* menuItemUITests.xctest */ = {isa = PBXFileReference; explicitFileType = wrapper.cfbundle; includeInIndex = 0; path = menuItemUITests.xctest; sourceTree = BUILT_PRODUCTS_DIR; };
		627AA5D71BBA44EC00A6D202 /* menuItemUITests.m */ = {isa = PBXFileReference; lastKnownFileType = sourcecode.c.objc; path = menuItemUITests.m; sourceTree = "<group>"; };
		627AA5D91BBA44EC00A6D202 /* Info.plist */ = {isa = PBXFileReference; lastKnownFileType = text.plist.xml; path = Info.plist; sourceTree = "<group>"; };
/* End PBXFileReference section */

/* Begin PBXFrameworksBuildPhase section */
		627AA5AC1BBA44EA00A6D202 /* Frameworks */ = {
			isa = PBXFrameworksBuildPhase;
			buildActionMask = 2147483647;
			files = (
			);
			runOnlyForDeploymentPostprocessing = 0;
		};
		627AA5C51BBA44EB00A6D202 /* Frameworks */ = {
			isa = PBXFrameworksBuildPhase;
			buildActionMask = 2147483647;
			files = (
			);
			runOnlyForDeploymentPostprocessing = 0;
		};
		627AA5D01BBA44EB00A6D202 /* Frameworks */ = {
			isa = PBXFrameworksBuildPhase;
			buildActionMask = 2147483647;
			files = (
			);
			runOnlyForDeploymentPostprocessing = 0;
		};
/* End PBXFrameworksBuildPhase section */

/* Begin PBXGroup section */
		627AA5A61BBA44EA00A6D202 = {
			isa = PBXGroup;
			children = (
				627AA5B11BBA44EA00A6D202 /* menuItem */,
				627AA5CB1BBA44EB00A6D202 /* menuItemTests */,
				627AA5D61BBA44EC00A6D202 /* menuItemUITests */,
				627AA5B01BBA44EA00A6D202 /* Products */,
			);
			sourceTree = "<group>";
		};
		627AA5B01BBA44EA00A6D202 /* Products */ = {
			isa = PBXGroup;
			children = (
				627AA5AF1BBA44EA00A6D202 /* menuItem.app */,
				627AA5C81BBA44EB00A6D202 /* menuItemTests.xctest */,
				627AA5D31BBA44EB00A6D202 /* menuItemUITests.xctest */,
			);
			name = Products;
			sourceTree = "<group>";
		};
		627AA5B11BBA44EA00A6D202 /* menuItem */ = {
			isa = PBXGroup;
			children = (
				627AA5B51BBA44EB00A6D202 /* AppDelegate.h */,
				627AA5B61BBA44EB00A6D202 /* AppDelegate.m */,
				627AA5B81BBA44EB00A6D202 /* ViewController.h */,
				627AA5B91BBA44EB00A6D202 /* ViewController.m */,
				627AA5BB1BBA44EB00A6D202 /* Main.storyboard */,
				627AA5BE1BBA44EB00A6D202 /* Assets.xcassets */,
				627AA5C01BBA44EB00A6D202 /* LaunchScreen.storyboard */,
				627AA5C31BBA44EB00A6D202 /* Info.plist */,
				627AA5B21BBA44EB00A6D202 /* Supporting Files */,
			);
			path = menuItem;
			sourceTree = "<group>";
		};
		627AA5B21BBA44EB00A6D202 /* Supporting Files */ = {
			isa = PBXGroup;
			children = (
				627AA5B31BBA44EB00A6D202 /* main.m */,
			);
			name = "Supporting Files";
			sourceTree = "<group>";
		};
		627AA5CB1BBA44EB00A6D202 /* menuItemTests */ = {
			isa = PBXGroup;
			children = (
				627AA5CC1BBA44EB00A6D202 /* menuItemTests.m */,
				627AA5CE1BBA44EB00A6D202 /* Info.plist */,
			);
			path = menuItemTests;
			sourceTree = "<group>";
		};
		627AA5D61BBA44EC00A6D202 /* menuItemUITests */ = {
			isa = PBXGroup;
			children = (
				627AA5D71BBA44EC00A6D202 /* menuItemUITests.m */,
				627AA5D91BBA44EC00A6D202 /* Info.plist */,
			);
			path = menuItemUITests;
			sourceTree = "<group>";
		};
/* End PBXGroup section */

/* Begin PBXNativeTarget section */
		627AA5AE1BBA44EA00A6D202 /* menuItem */ = {
			isa = PBXNativeTarget;
			buildConfigurationList = 627AA5DC1BBA44EC00A6D202 /* Build configuration list for PBXNativeTarget "menuItem" */;
			buildPhases = (
				627AA5AB1BBA44EA00A6D202 /* Sources */,
				627AA5AC1BBA44EA00A6D202 /* Frameworks */,
				627AA5AD1BBA44EA00A6D202 /* Resources */,
			);
			buildRules = (
			);
			dependencies = (
			);
			name = menuItem;
			productName = menuItem;
			productReference = 627AA5AF1BBA44EA00A6D202 /* menuItem.app */;
			productType = "com.apple.product-type.application";
		};
		627AA5C71BBA44EB00A6D202 /* menuItemTests */ = {
			isa = PBXNativeTarget;
			buildConfigurationList = 627AA5DF1BBA44EC00A6D202 /* Build configuration list for PBXNativeTarget "menuItemTests" */;
			buildPhases = (
				627AA5C41BBA44EB00A6D202 /* Sources */,
				627AA5C51BBA44EB00A6D202 /* Frameworks */,
				627AA5C61BBA44EB00A6D202 /* Resources */,
			);
			buildRules = (
			);
			dependencies = (
				627AA5CA1BBA44EB00A6D202 /* PBXTargetDependency */,
			);
			name = menuItemTests;
			productName = menuItemTests;
			productReference = 627AA5C81BBA44EB00A6D202 /* menuItemTests.xctest */;
			productType = "com.apple.product-type.bundle.unit-test";
		};
		627AA5D21BBA44EB00A6D202 /* menuItemUITests */ = {
			isa = PBXNativeTarget;
			buildConfigurationList = 627AA5E21BBA44EC00A6D202 /* Build configuration list for PBXNativeTarget "menuItemUITests" */;
			buildPhases = (
				627AA5CF1BBA44EB00A6D202 /* Sources */,
				627AA5D01BBA44EB00A6D202 /* Frameworks */,
				627AA5D11BBA44EB00A6D202 /* Resources */,
			);
			buildRules = (
			);
			dependencies = (
				627AA5D51BBA44EB00A6D202 /* PBXTargetDependency */,
			);
			name = menuItemUITests;
			productName = menuItemUITests;
			productReference = 627AA5D31BBA44EB00A6D202 /* menuItemUITests.xctest */;
			productType = "com.apple.product-type.bundle.ui-testing";
		};
/* End PBXNativeTarget section */

/* Begin PBXProject section */
		627AA5A71BBA44EA00A6D202 /* Project object */ = {
			isa = PBXProject;
			attributes = {
				LastUpgradeCheck = 0700;
				ORGANIZATIONNAME = "Shanghai Minlan Information & Technology Co ., Ltd.";
				TargetAttributes = {
					627AA5AE1BBA44EA00A6D202 = {
						CreatedOnToolsVersion = 7.0;
					};
					627AA5C71BBA44EB00A6D202 = {
						CreatedOnToolsVersion = 7.0;
						TestTargetID = 627AA5AE1BBA44EA00A6D202;
					};
					627AA5D21BBA44EB00A6D202 = {
						CreatedOnToolsVersion = 7.0;
						TestTargetID = 627AA5AE1BBA44EA00A6D202;
					};
				};
			};
			buildConfigurationList = 627AA5AA1BBA44EA00A6D202 /* Build configuration list for PBXProject "menuItem" */;
			compatibilityVersion = "Xcode 3.2";
			developmentRegion = English;
			hasScannedForEncodings = 0;
			knownRegions = (
				en,
				Base,
			);
			mainGroup = 627AA5A61BBA44EA00A6D202;
			productRefGroup = 627AA5B01BBA44EA00A6D202 /* Products */;
			projectDirPath = "";
			projectRoot = "";
			targets = (
				627AA5AE1BBA44EA00A6D202 /* menuItem */,
				627AA5C71BBA44EB00A6D202 /* menuItemTests */,
				627AA5D21BBA44EB00A6D202 /* menuItemUITests */,
			);
		};
/* End PBXProject section */

/* Begin PBXResourcesBuildPhase section */
		627AA5AD1BBA44EA00A6D202 /* Resources */ = {
			isa = PBXResourcesBuildPhase;
			buildActionMask = 2147483647;
			files = (
				627AA5C21BBA44EB00A6D202 /* LaunchScreen.storyboard in Resources */,
				627AA5BF1BBA44EB00A6D202 /* Assets.xcassets in Resources */,
				627AA5BD1BBA44EB00A6D202 /* Main.storyboard in Resources */,
			);
			runOnlyForDeploymentPostprocessing = 0;
		};
		627AA5C61BBA44EB00A6D202 /* Resources */ = {
			isa = PBXResourcesBuildPhase;
			buildActionMask = 2147483647;
			files = (
			);
			runOnlyForDeploymentPostprocessing = 0;
		};
		627AA5D11BBA44EB00A6D202 /* Resources */ = {
			isa = PBXResourcesBuildPhase;
			buildActionMask = 2147483647;
			files = (
			);
			runOnlyForDeploymentPostprocessing = 0;
		};
/* End PBXResourcesBuildPhase section */

/* Begin PBXSourcesBuildPhase section */
		627AA5AB1BBA44EA00A6D202 /* Sources */ = {
			isa = PBXSourcesBuildPhase;
			buildActionMask = 2147483647;
			files = (
				627AA5BA1BBA44EB00A6D202 /* ViewController.m in Sources */,
				627AA5B71BBA44EB00A6D202 /* AppDelegate.m in Sources */,
				627AA5B41BBA44EB00A6D202 /* main.m in Sources */,
			);
			runOnlyForDeploymentPostprocessing = 0;
		};
		627AA5C41BBA44EB00A6D202 /* Sources */ = {
			isa = PBXSourcesBuildPhase;
			buildActionMask = 2147483647;
			files = (
				627AA5CD1BBA44EB00A6D202 /* menuItemTests.m in Sources */,
			);
			runOnlyForDeploymentPostprocessing = 0;
		};
		627AA5CF1BBA44EB00A6D202 /* Sources */ = {
			isa = PBXSourcesBuildPhase;
			buildActionMask = 2147483647;
			files = (
				627AA5D81BBA44EC00A6D202 /* menuItemUITests.m in Sources */,
			);
			runOnlyForDeploymentPostprocessing = 0;
		};
/* End PBXSourcesBuildPhase section */

/* Begin PBXTargetDependency section */
		627AA5CA1BBA44EB00A6D202 /* PBXTargetDependency */ = {
			isa = PBXTargetDependency;
			target = 627AA5AE1BBA44EA00A6D202 /* menuItem */;
			targetProxy = 627AA5C91BBA44EB00A6D202 /* PBXContainerItemProxy */;
		};
		627AA5D51BBA44EB00A6D202 /* PBXTargetDependency */ = {
			isa = PBXTargetDependency;
			target = 627AA5AE1BBA44EA00A6D202 /* menuItem */;
			targetProxy = 627AA5D41BBA44EB00A6D202 /* PBXContainerItemProxy */;
		};
/* End PBXTargetDependency section */

/* Begin PBXVariantGroup section */
		627AA5BB1BBA44EB00A6D202 /* Main.storyboard */ = {
			isa = PBXVariantGroup;
			children = (
				627AA5BC1BBA44EB00A6D202 /* Base */,
			);
			name = Main.storyboard;
			sourceTree = "<group>";
		};
		627AA5C01BBA44EB00A6D202 /* LaunchScreen.storyboard */ = {
			isa = PBXVariantGroup;
			children = (
				627AA5C11BBA44EB00A6D202 /* Base */,
			);
			name = LaunchScreen.storyboard;
			sourceTree = "<group>";
		};
/* End PBXVariantGroup section */

/* Begin XCBuildConfiguration section */
		627AA5DA1BBA44EC00A6D202 /* Debug */ = {
			isa = XCBuildConfiguration;
			buildSettings = {
				ALWAYS_SEARCH_USER_PATHS = NO;
				CLANG_CXX_LANGUAGE_STANDARD = "gnu++0x";
				CLANG_CXX_LIBRARY = "libc++";
				CLANG_ENABLE_MODULES = YES;
				CLANG_ENABLE_OBJC_ARC = YES;
				CLANG_WARN_BOOL_CONVERSION = YES;
				CLANG_WARN_CONSTANT_CONVERSION = YES;
				CLANG_WARN_DIRECT_OBJC_ISA_USAGE = YES_ERROR;
				CLANG_WARN_EMPTY_BODY = YES;
				CLANG_WARN_ENUM_CONVERSION = YES;
				CLANG_WARN_INT_CONVERSION = YES;
				CLANG_WARN_OBJC_ROOT_CLASS = YES_ERROR;
				CLANG_WARN_UNREACHABLE_CODE = YES;
				CLANG_WARN__DUPLICATE_METHOD_MATCH = YES;
				"CODE_SIGN_IDENTITY[sdk=iphoneos*]" = "iPhone Developer";
				COPY_PHASE_STRIP = NO;
				DEBUG_INFORMATION_FORMAT = dwarf;
				ENABLE_STRICT_OBJC_MSGSEND = YES;
				ENABLE_TESTABILITY = YES;
				GCC_C_LANGUAGE_STANDARD = gnu99;
				GCC_DYNAMIC_NO_PIC = NO;
				GCC_NO_COMMON_BLOCKS = YES;
				GCC_OPTIMIZATION_LEVEL = 0;
				GCC_PREPROCESSOR_DEFINITIONS = (
					"DEBUG=1",
					"$(inherited)",
				);
				GCC_WARN_64_TO_32_BIT_CONVERSION = YES;
				GCC_WARN_ABOUT_RETURN_TYPE = YES_ERROR;
				GCC_WARN_UNDECLARED_SELECTOR = YES;
				GCC_WARN_UNINITIALIZED_AUTOS = YES_AGGRESSIVE;
				GCC_WARN_UNUSED_FUNCTION = YES;
				GCC_WARN_UNUSED_VARIABLE = YES;
				IPHONEOS_DEPLOYMENT_TARGET = 9.0;
				MTL_ENABLE_DEBUG_INFO = YES;
				ONLY_ACTIVE_ARCH = YES;
				SDKROOT = iphoneos;
			};
			name = Debug;
		};
		627AA5DB1BBA44EC00A6D202 /* Release */ = {
			isa = XCBuildConfiguration;
			buildSettings = {
				ALWAYS_SEARCH_USER_PATHS = NO;
				CLANG_CXX_LANGUAGE_STANDARD = "gnu++0x";
				CLANG_CXX_LIBRARY = "libc++";
				CLANG_ENABLE_MODULES = YES;
				CLANG_ENABLE_OBJC_ARC = YES;
				CLANG_WARN_BOOL_CONVERSION = YES;
				CLANG_WARN_CONSTANT_CONVERSION = YES;
				CLANG_WARN_DIRECT_OBJC_ISA_USAGE = YES_ERROR;
				CLANG_WARN_EMPTY_BODY = YES;
				CLANG_WARN_ENUM_CONVERSION = YES;
				CLANG_WARN_INT_CONVERSION = YES;
				CLANG_WARN_OBJC_ROOT_CLASS = YES_ERROR;
				CLANG_WARN_UNREACHABLE_CODE = YES;
				CLANG_WARN__DUPLICATE_METHOD_MATCH = YES;
				"CODE_SIGN_IDENTITY[sdk=iphoneos*]" = "iPhone Developer";
				COPY_PHASE_STRIP = NO;
				DEBUG_INFORMATION_FORMAT = "dwarf-with-dsym";
				ENABLE_NS_ASSERTIONS = NO;
				ENABLE_STRICT_OBJC_MSGSEND = YES;
				GCC_C_LANGUAGE_STANDARD = gnu99;
				GCC_NO_COMMON_BLOCKS = YES;
				GCC_WARN_64_TO_32_BIT_CONVERSION = YES;
				GCC_WARN_ABOUT_RETURN_TYPE = YES_ERROR;
				GCC_WARN_UNDECLARED_SELECTOR = YES;
				GCC_WARN_UNINITIALIZED_AUTOS = YES_AGGRESSIVE;
				GCC_WARN_UNUSED_FUNCTION = YES;
				GCC_WARN_UNUSED_VARIABLE = YES;
				IPHONEOS_DEPLOYMENT_TARGET = 9.0;
				MTL_ENABLE_DEBUG_INFO = NO;
				SDKROOT = iphoneos;
				VALIDATE_PRODUCT = YES;
			};
			name = Release;
		};
		627AA5DD1BBA44EC00A6D202 /* Debug */ = {
			isa = XCBuildConfiguration;
			buildSettings = {
				ASSETCATALOG_COMPILER_APPICON_NAME = AppIcon;
				INFOPLIST_FILE = menuItem/Info.plist;
				LD_RUNPATH_SEARCH_PATHS = "$(inherited) @executable_path/Frameworks";
				PRODUCT_BUNDLE_IDENTIFIER = cn.lz.menuItem;
				PRODUCT_NAME = "$(TARGET_NAME)";
			};
			name = Debug;
		};
		627AA5DE1BBA44EC00A6D202 /* Release */ = {
			isa = XCBuildConfiguration;
			buildSettings = {
				ASSETCATALOG_COMPILER_APPICON_NAME = AppIcon;
				INFOPLIST_FILE = menuItem/Info.plist;
				LD_RUNPATH_SEARCH_PATHS = "$(inherited) @executable_path/Frameworks";
				PRODUCT_BUNDLE_IDENTIFIER = cn.lz.menuItem;
				PRODUCT_NAME = "$(TARGET_NAME)";
			};
			name = Release;
		};
		627AA5E01BBA44EC00A6D202 /* Debug */ = {
			isa = XCBuildConfiguration;
			buildSettings = {
				BUNDLE_LOADER = "$(TEST_HOST)";
				INFOPLIST_FILE = menuItemTests/Info.plist;
				LD_RUNPATH_SEARCH_PATHS = "$(inherited) @executable_path/Frameworks @loader_path/Frameworks";
				PRODUCT_BUNDLE_IDENTIFIER = cn.lz.menuItemTests;
				PRODUCT_NAME = "$(TARGET_NAME)";
				TEST_HOST = "$(BUILT_PRODUCTS_DIR)/menuItem.app/menuItem";
			};
			name = Debug;
		};
		627AA5E11BBA44EC00A6D202 /* Release */ = {
			isa = XCBuildConfiguration;
			buildSettings = {
				BUNDLE_LOADER = "$(TEST_HOST)";
				INFOPLIST_FILE = menuItemTests/Info.plist;
				LD_RUNPATH_SEARCH_PATHS = "$(inherited) @executable_path/Frameworks @loader_path/Frameworks";
				PRODUCT_BUNDLE_IDENTIFIER = cn.lz.menuItemTests;
				PRODUCT_NAME = "$(TARGET_NAME)";
				TEST_HOST = "$(BUILT_PRODUCTS_DIR)/menuItem.app/menuItem";
			};
			name = Release;
		};
		627AA5E31BBA44EC00A6D202 /* Debug */ = {
			isa = XCBuildConfiguration;
			buildSettings = {
				INFOPLIST_FILE = menuItemUITests/Info.plist;
				LD_RUNPATH_SEARCH_PATHS = "$(inherited) @executable_path/Frameworks @loader_path/Frameworks";
				PRODUCT_BUNDLE_IDENTIFIER = cn.lz.menuItemUITests;
				PRODUCT_NAME = "$(TARGET_NAME)";
				TEST_TARGET_NAME = menuItem;
				USES_XCTRUNNER = YES;
			};
			name = Debug;
		};
		627AA5E41BBA44EC00A6D202 /* Release */ = {
			isa = XCBuildConfiguration;
			buildSettings = {
				INFOPLIST_FILE = menuItemUITests/Info.plist;
				LD_RUNPATH_SEARCH_PATHS = "$(inherited) @executable_path/Frameworks @loader_path/Frameworks";
				PRODUCT_BUNDLE_IDENTIFIER = cn.lz.menuItemUITests;
				PRODUCT_NAME = "$(TARGET_NAME)";
				TEST_TARGET_NAME = menuItem;
				USES_XCTRUNNER = YES;
			};
			name = Release;
		};
/* End XCBuildConfiguration section */

/* Begin XCConfigurationList section */
		627AA5AA1BBA44EA00A6D202 /* Build configuration list for PBXProject "menuItem" */ = {
			isa = XCConfigurationList;
			buildConfigurations = (
				627AA5DA1BBA44EC00A6D202 /* Debug */,
				627AA5DB1BBA44EC00A6D202 /* Release */,
			);
			defaultConfigurationIsVisible = 0;
			defaultConfigurationName = Release;
		};
		627AA5DC1BBA44EC00A6D202 /* Build configuration list for PBXNativeTarget "menuItem" */ = {
			isa = XCConfigurationList;
			buildConfigurations = (
				627AA5DD1BBA44EC00A6D202 /* Debug */,
				627AA5DE1BBA44EC00A6D202 /* Release */,
			);
			defaultConfigurationIsVisible = 0;
		};
		627AA5DF1BBA44EC00A6D202 /* Build configuration list for PBXNativeTarget "menuItemTests" */ = {
			isa = XCConfigurationList;
			buildConfigurations = (
				627AA5E01BBA44EC00A6D202 /* Debug */,
				627AA5E11BBA44EC00A6D202 /* Release */,
			);
			defaultConfigurationIsVisible = 0;
		};
		627AA5E21BBA44EC00A6D202 /* Build configuration list for PBXNativeTarget "menuItemUITests" */ = {
			isa = XCConfigurationList;
			buildConfigurations = (
				627AA5E31BBA44EC00A6D202 /* Debug */,
				627AA5E41BBA44EC00A6D202 /* Release */,
			);
			defaultConfigurationIsVisible = 0;
		};
/* End XCConfigurationList section */
	};
	rootObject = 627AA5A71BBA44EA00A6D202 /* Project object */;
}
